
Microsoft Visual Studio Solution File, Format Version 12.00
# Visual Studio 15
VisualStudioVersion = 15.0.26124.0
MinimumVisualStudioVersion = 15.0.26124.0
Project("{FAE04EC0-301F-11D3-BF4B-00C04F79EFBC}") = "Downloader", "Downloader\Downloader.csproj", "{26202DB2-5A6E-4C95-81C1-97C3969C6E8C}"
EndProject
Project("{FAE04EC0-301F-11D3-BF4B-00C04F79EFBC}") = "Parser", "Parser\Parser.csproj", "{6DE7EC59-0620-4A85-B69E-79B6449C847D}"
EndProject
Project("{FAE04EC0-301F-11D3-BF4B-00C04F79EFBC}") = "DataWebAPI", "DataWebAPI\DataWebAPI.csproj", "{CF2A3090-717D-4789-B737-176CE2EBBB9D}"
EndProject
Project("{FAE04EC0-301F-11D3-BF4B-00C04F79EFBC}") = "Common", "Common\Common.csproj", "{96DE1BAB-DDBC-4837-8636-3B1ACC9E6D32}"
EndProject
Global
	GlobalSection(SolutionConfigurationPlatforms) = preSolution
		Debug|Any CPU = Debug|Any CPU
		Debug|x64 = Debug|x64
		Debug|x86 = Debug|x86
		Release|Any CPU = Release|Any CPU
		Release|x64 = Release|x64
		Release|x86 = Release|x86
	EndGlobalSection
	GlobalSection(SolutionProperties) = preSolution
		HideSolutionNode = FALSE
	EndGlobalSection
	GlobalSection(ProjectConfigurationPlatforms) = postSolution
		{26202DB2-5A6E-4C95-81C1-97C3969C6E8C}.Debug|Any CPU.ActiveCfg = Debug|Any CPU
		{26202DB2-5A6E-4C95-81C1-97C3969C6E8C}.Debug|Any CPU.Build.0 = Debug|Any CPU
		{26202DB2-5A6E-4C95-81C1-97C3969C6E8C}.Debug|x64.ActiveCfg = Debug|Any CPU
		{26202DB2-5A6E-4C95-81C1-97C3969C6E8C}.Debug|x64.Build.0 = Debug|Any CPU
		{26202DB2-5A6E-4C95-81C1-97C3969C6E8C}.Debug|x86.ActiveCfg = Debug|Any CPU
		{26202DB2-5A6E-4C95-81C1-97C3969C6E8C}.Debug|x86.Build.0 = Debug|Any CPU
		{26202DB2-5A6E-4C95-81C1-97C3969C6E8C}.Release|Any CPU.ActiveCfg = Release|Any CPU
		{26202DB2-5A6E-4C95-81C1-97C3969C6E8C}.Release|Any CPU.Build.0 = Release|Any CPU
		{26202DB2-5A6E-4C95-81C1-97C3969C6E8C}.Release|x64.ActiveCfg = Release|Any CPU
		{26202DB2-5A6E-4C95-81C1-97C3969C6E8C}.Release|x64.Build.0 = Release|Any CPU
		{26202DB2-5A6E-4C95-81C1-97C3969C6E8C}.Release|x86.ActiveCfg = Release|Any CPU
		{26202DB2-5A6E-4C95-81C1-97C3969C6E8C}.Release|x86.Build.0 = Release|Any CPU
		{6DE7EC59-0620-4A85-B69E-79B6449C847D}.Debug|Any CPU.ActiveCfg = Debug|Any CPU
		{6DE7EC59-0620-4A85-B69E-79B6449C847D}.Debug|Any CPU.Build.0 = Debug|Any CPU
		{6DE7EC59-0620-4A85-B69E-79B6449C847D}.Debug|x64.ActiveCfg = Debug|Any CPU
		{6DE7EC59-0620-4A85-B69E-79B6449C847D}.Debug|x64.Build.0 = Debug|Any CPU
		{6DE7EC59-0620-4A85-B69E-79B6449C847D}.Debug|x86.ActiveCfg = Debug|Any CPU
		{6DE7EC59-0620-4A85-B69E-79B6449C847D}.Debug|x86.Build.0 = Debug|Any CPU
		{6DE7EC59-0620-4A85-B69E-79B6449C847D}.Release|Any CPU.ActiveCfg = Release|Any CPU
		{6DE7EC59-0620-4A85-B69E-79B6449C847D}.Release|Any CPU.Build.0 = Release|Any CPU
		{6DE7EC59-0620-4A85-B69E-79B6449C847D}.Release|x64.ActiveCfg = Release|Any CPU
		{6DE7EC59-0620-4A85-B69E-79B6449C847D}.Release|x64.Build.0 = Release|Any CPU
		{6DE7EC59-0620-4A85-B69E-79B6449C847D}.Release|x86.ActiveCfg = Release|Any CPU
		{6DE7EC59-0620-4A85-B69E-79B6449C847D}.Release|x86.Build.0 = Release|Any CPU
		{CF2A3090-717D-4789-B737-176CE2EBBB9D}.Debug|Any CPU.ActiveCfg = Debug|Any CPU
		{CF2A3090-717D-4789-B737-176CE2EBBB9D}.Debug|Any CPU.Build.0 = Debug|Any CPU
		{CF2A3090-717D-4789-B737-176CE2EBBB9D}.Debug|x64.ActiveCfg = Debug|Any CPU
		{CF2A3090-717D-4789-B737-176CE2EBBB9D}.Debug|x64.Build.0 = Debug|Any CPU
		{CF2A3090-717D-4789-B737-176CE2EBBB9D}.Debug|x86.ActiveCfg = Debug|Any CPU
		{CF2A3090-717D-4789-B737-176CE2EBBB9D}.Debug|x86.Build.0 = Debug|Any CPU
		{CF2A3090-717D-4789-B737-176CE2EBBB9D}.Release|Any CPU.ActiveCfg = Release|Any CPU
		{CF2A3090-717D-4789-B737-176CE2EBBB9D}.Release|Any CPU.Build.0 = Release|Any CPU
		{CF2A3090-717D-4789-B737-176CE2EBBB9D}.Release|x64.ActiveCfg = Release|Any CPU
		{CF2A3090-717D-4789-B737-176CE2EBBB9D}.Release|x64.Build.0 = Release|Any CPU
		{CF2A3090-717D-4789-B737-176CE2EBBB9D}.Release|x86.ActiveCfg = Release|Any CPU
		{CF2A3090-717D-4789-B737-176CE2EBBB9D}.Release|x86.Build.0 = Release|Any CPU
		{96DE1BAB-DDBC-4837-8636-3B1ACC9E6D32}.Debug|Any CPU.ActiveCfg = Debug|Any CPU
		{96DE1BAB-DDBC-4837-8636-3B1ACC9E6D32}.Debug|Any CPU.Build.0 = Debug|Any CPU
		{96DE1BAB-DDBC-4837-8636-3B1ACC9E6D32}.Debug|x64.ActiveCfg = Debug|Any CPU
		{96DE1BAB-DDBC-4837-8636-3B1ACC9E6D32}.Debug|x64.Build.0 = Debug|Any CPU
		{96DE1BAB-DDBC-4837-8636-3B1ACC9E6D32}.Debug|x86.ActiveCfg = Debug|Any CPU
		{96DE1BAB-DDBC-4837-8636-3B1ACC9E6D32}.Debug|x86.Build.0 = Debug|Any CPU
		{96DE1BAB-DDBC-4837-8636-3B1ACC9E6D32}.Release|Any CPU.ActiveCfg = Release|Any CPU
		{96DE1BAB-DDBC-4837-8636-3B1ACC9E6D32}.Release|Any CPU.Build.0 = Release|Any CPU
		{96DE1BAB-DDBC-4837-8636-3B1ACC9E6D32}.Release|x64.ActiveCfg = Release|Any CPU
		{96DE1BAB-DDBC-4837-8636-3B1ACC9E6D32}.Release|x64.Build.0 = Release|Any CPU
		{96DE1BAB-DDBC-4837-8636-3B1ACC9E6D32}.Release|x86.ActiveCfg = Release|Any CPU
		{96DE1BAB-DDBC-4837-8636-3B1ACC9E6D32}.Release|x86.Build.0 = Release|Any CPU
	EndGlobalSection
EndGlobal
